
Microsoft Visual Studio Solution File, Format Version 12.00
# Visual Studio Version 17
VisualStudioVersion = 17.5.002.0
MinimumVisualStudioVersion = 10.0.40219.1
Project("{9A19103F-16F7-4668-BE54-9A1E7A4F7556}") = "esudantes", "esudantes.csproj", "{C71403B8-E989-4B3F-823C-7A78866DC17C}"
EndProject
Global
	GlobalSection(SolutionConfigurationPlatforms) = preSolution
		Debug|Any CPU = Debug|Any CPU
		Release|Any CPU = Release|Any CPU
	EndGlobalSection
	GlobalSection(ProjectConfigurationPlatforms) = postSolution
		{C71403B8-E989-4B3F-823C-7A78866DC17C}.Debug|Any CPU.ActiveCfg = Debug|Any CPU
		{C71403B8-E989-4B3F-823C-7A78866DC17C}.Debug|Any CPU.Build.0 = Debug|Any CPU
		{C71403B8-E989-4B3F-823C-7A78866DC17C}.Release|Any CPU.ActiveCfg = Release|Any CPU
		{C71403B8-E989-4B3F-823C-7A78866DC17C}.Release|Any CPU.Build.0 = Release|Any CPU
	EndGlobalSection
	GlobalSection(SolutionProperties) = preSolution
		HideSolutionNode = FALSE
	EndGlobalSection
	GlobalSection(ExtensibilityGlobals) = postSolution
		SolutionGuid = {43160E88-3D10-43A7-BE8D-C1817252ECDC}
	EndGlobalSection
EndGlobal
